// !$*UTF8*$!
{
	archiveVersion = 1;
	classes = {
	};
	objectVersion = 56;
	objects = {

/* Begin PBXBuildFile section */
		5829298E2BFAEB6400353D6B /* FifthVC.swift in Sources */ = {isa = PBXBuildFile; fileRef = 5829298D2BFAEB6400353D6B /* FifthVC.swift */; };
		582929902BFAEEF800353D6B /* SixthVC.swift in Sources */ = {isa = PBXBuildFile; fileRef = 5829298F2BFAEEF800353D6B /* SixthVC.swift */; };
		582929922BFB079000353D6B /* seventhVC.swift in Sources */ = {isa = PBXBuildFile; fileRef = 582929912BFB079000353D6B /* seventhVC.swift */; };
		582929942BFB12A400353D6B /* eighthVC.swift in Sources */ = {isa = PBXBuildFile; fileRef = 582929932BFB12A400353D6B /* eighthVC.swift */; };
		582929972BFB1ADE00353D6B /* ninthVC.swift in Sources */ = {isa = PBXBuildFile; fileRef = 582929962BFB1ADE00353D6B /* ninthVC.swift */; };
		582929992BFB325A00353D6B /* TenthVC.swift in Sources */ = {isa = PBXBuildFile; fileRef = 582929982BFB325A00353D6B /* TenthVC.swift */; };
		5829299B2BFB3F2A00353D6B /* EleventhVC.swift in Sources */ = {isa = PBXBuildFile; fileRef = 5829299A2BFB3F2A00353D6B /* EleventhVC.swift */; };
		5829299D2BFB417B00353D6B /* TwelveVC.swift in Sources */ = {isa = PBXBuildFile; fileRef = 5829299C2BFB417B00353D6B /* TwelveVC.swift */; };
		584364F42BFAD186001D1EDE /* AppDelegate.swift in Sources */ = {isa = PBXBuildFile; fileRef = 584364F32BFAD186001D1EDE /* AppDelegate.swift */; };
		584364F62BFAD186001D1EDE /* SceneDelegate.swift in Sources */ = {isa = PBXBuildFile; fileRef = 584364F52BFAD186001D1EDE /* SceneDelegate.swift */; };
		584364F82BFAD186001D1EDE /* ViewController.swift in Sources */ = {isa = PBXBuildFile; fileRef = 584364F72BFAD186001D1EDE /* ViewController.swift */; };
		584364FB2BFAD186001D1EDE /* Base in Resources */ = {isa = PBXBuildFile; fileRef = 584364FA2BFAD186001D1EDE /* Base */; };
		584364FD2BFAD187001D1EDE /* Assets.xcassets in Resources */ = {isa = PBXBuildFile; fileRef = 584364FC2BFAD187001D1EDE /* Assets.xcassets */; };
		584365002BFAD187001D1EDE /* Base in Resources */ = {isa = PBXBuildFile; fileRef = 584364FF2BFAD187001D1EDE /* Base */; };
		58E9FA002BFADA1A007CAE95 /* FirstVC.swift in Sources */ = {isa = PBXBuildFile; fileRef = 58E9F9FF2BFADA1A007CAE95 /* FirstVC.swift */; };
		58E9FA022BFADA71007CAE95 /* SecondVC.swift in Sources */ = {isa = PBXBuildFile; fileRef = 58E9FA012BFADA71007CAE95 /* SecondVC.swift */; };
		58E9FA042BFADB00007CAE95 /* ThirdVC.swift in Sources */ = {isa = PBXBuildFile; fileRef = 58E9FA032BFADB00007CAE95 /* ThirdVC.swift */; };
		58E9FA062BFAE127007CAE95 /* FourthVC.swift in Sources */ = {isa = PBXBuildFile; fileRef = 58E9FA052BFAE127007CAE95 /* FourthVC.swift */; };
/* End PBXBuildFile section */

/* Begin PBXFileReference section */
		5829298D2BFAEB6400353D6B /* FifthVC.swift */ = {isa = PBXFileReference; lastKnownFileType = sourcecode.swift; path = FifthVC.swift; sourceTree = "<group>"; };
		5829298F2BFAEEF800353D6B /* SixthVC.swift */ = {isa = PBXFileReference; lastKnownFileType = sourcecode.swift; path = SixthVC.swift; sourceTree = "<group>"; };
		582929912BFB079000353D6B /* seventhVC.swift */ = {isa = PBXFileReference; lastKnownFileType = sourcecode.swift; path = seventhVC.swift; sourceTree = "<group>"; };
		582929932BFB12A400353D6B /* eighthVC.swift */ = {isa = PBXFileReference; lastKnownFileType = sourcecode.swift; path = eighthVC.swift; sourceTree = "<group>"; };
		582929962BFB1ADE00353D6B /* ninthVC.swift */ = {isa = PBXFileReference; lastKnownFileType = sourcecode.swift; path = ninthVC.swift; sourceTree = "<group>"; };
		582929982BFB325A00353D6B /* TenthVC.swift */ = {isa = PBXFileReference; lastKnownFileType = sourcecode.swift; path = TenthVC.swift; sourceTree = "<group>"; };
		5829299A2BFB3F2A00353D6B /* EleventhVC.swift */ = {isa = PBXFileReference; lastKnownFileType = sourcecode.swift; path = EleventhVC.swift; sourceTree = "<group>"; };
		5829299C2BFB417B00353D6B /* TwelveVC.swift */ = {isa = PBXFileReference; lastKnownFileType = sourcecode.swift; path = TwelveVC.swift; sourceTree = "<group>"; };
		584364F02BFAD186001D1EDE /* AutoLayout.app */ = {isa = PBXFileReference; explicitFileType = wrapper.application; includeInIndex = 0; path = AutoLayout.app; sourceTree = BUILT_PRODUCTS_DIR; };
		584364F32BFAD186001D1EDE /* AppDelegate.swift */ = {isa = PBXFileReference; lastKnownFileType = sourcecode.swift; path = AppDelegate.swift; sourceTree = "<group>"; };
		584364F52BFAD186001D1EDE /* SceneDelegate.swift */ = {isa = PBXFileReference; lastKnownFileType = sourcecode.swift; path = SceneDelegate.swift; sourceTree = "<group>"; };
		584364F72BFAD186001D1EDE /* ViewController.swift */ = {isa = PBXFileReference; lastKnownFileType = sourcecode.swift; path = ViewController.swift; sourceTree = "<group>"; };
		584364FA2BFAD186001D1EDE /* Base */ = {isa = PBXFileReference; lastKnownFileType = file.storyboard; name = Base; path = Base.lproj/Main.storyboard; sourceTree = "<group>"; };
		584364FC2BFAD187001D1EDE /* Assets.xcassets */ = {isa = PBXFileReference; lastKnownFileType = folder.assetcatalog; path = Assets.xcassets; sourceTree = "<group>"; };
		584364FF2BFAD187001D1EDE /* Base */ = {isa = PBXFileReference; lastKnownFileType = file.storyboard; name = Base; path = Base.lproj/LaunchScreen.storyboard; sourceTree = "<group>"; };
		584365012BFAD187001D1EDE /* Info.plist */ = {isa = PBXFileReference; lastKnownFileType = text.plist.xml; path = Info.plist; sourceTree = "<group>"; };
		58E9F9FF2BFADA1A007CAE95 /* FirstVC.swift */ = {isa = PBXFileReference; lastKnownFileType = sourcecode.swift; path = FirstVC.swift; sourceTree = "<group>"; };
		58E9FA012BFADA71007CAE95 /* SecondVC.swift */ = {isa = PBXFileReference; lastKnownFileType = sourcecode.swift; path = SecondVC.swift; sourceTree = "<group>"; };
		58E9FA032BFADB00007CAE95 /* ThirdVC.swift */ = {isa = PBXFileReference; lastKnownFileType = sourcecode.swift; path = ThirdVC.swift; sourceTree = "<group>"; };
		58E9FA052BFAE127007CAE95 /* FourthVC.swift */ = {isa = PBXFileReference; lastKnownFileType = sourcecode.swift; path = FourthVC.swift; sourceTree = "<group>"; };
/* End PBXFileReference section */

/* Begin PBXFrameworksBuildPhase section */
		584364ED2BFAD186001D1EDE /* Frameworks */ = {
			isa = PBXFrameworksBuildPhase;
			buildActionMask = 2147483647;
			files = (
			);
			runOnlyForDeploymentPostprocessing = 0;
		};
/* End PBXFrameworksBuildPhase section */

/* Begin PBXGroup section */
		582929952BFB1ABE00353D6B /* Chapter 03 */ = {
			isa = PBXGroup;
			children = (
				582929962BFB1ADE00353D6B /* ninthVC.swift */,
				582929982BFB325A00353D6B /* TenthVC.swift */,
				5829299A2BFB3F2A00353D6B /* EleventhVC.swift */,
				5829299C2BFB417B00353D6B /* TwelveVC.swift */,
			);
			path = "Chapter 03";
			sourceTree = "<group>";
		};
		584364E72BFAD186001D1EDE = {
			isa = PBXGroup;
			children = (
				584364F22BFAD186001D1EDE /* AutoLayout */,
				584364F12BFAD186001D1EDE /* Products */,
			);
			sourceTree = "<group>";
		};
		584364F12BFAD186001D1EDE /* Products */ = {
			isa = PBXGroup;
			children = (
				584364F02BFAD186001D1EDE /* AutoLayout.app */,
			);
			name = Products;
			sourceTree = "<group>";
		};
		584364F22BFAD186001D1EDE /* AutoLayout */ = {
			isa = PBXGroup;
			children = (
				584364F32BFAD186001D1EDE /* AppDelegate.swift */,
				584364F52BFAD186001D1EDE /* SceneDelegate.swift */,
				584364F72BFAD186001D1EDE /* ViewController.swift */,
				582929952BFB1ABE00353D6B /* Chapter 03 */,
				58E9FA072BFAE89D007CAE95 /* Chapter 02 */,
				58E9F9FE2BFAD874007CAE95 /* Chapter 01 */,
				584364F92BFAD186001D1EDE /* Main.storyboard */,
				584364FC2BFAD187001D1EDE /* Assets.xcassets */,
				584364FE2BFAD187001D1EDE /* LaunchScreen.storyboard */,
				584365012BFAD187001D1EDE /* Info.plist */,
			);
			path = AutoLayout;
			sourceTree = "<group>";
		};
		58E9F9FE2BFAD874007CAE95 /* Chapter 01 */ = {
			isa = PBXGroup;
			children = (
				58E9F9FF2BFADA1A007CAE95 /* FirstVC.swift */,
				58E9FA012BFADA71007CAE95 /* SecondVC.swift */,
				58E9FA032BFADB00007CAE95 /* ThirdVC.swift */,
				58E9FA052BFAE127007CAE95 /* FourthVC.swift */,
			);
			path = "Chapter 01";
			sourceTree = "<group>";
		};
		58E9FA072BFAE89D007CAE95 /* Chapter 02 */ = {
			isa = PBXGroup;
			children = (
				5829298D2BFAEB6400353D6B /* FifthVC.swift */,
				5829298F2BFAEEF800353D6B /* SixthVC.swift */,
				582929912BFB079000353D6B /* seventhVC.swift */,
				582929932BFB12A400353D6B /* eighthVC.swift */,
			);
			path = "Chapter 02";
			sourceTree = "<group>";
		};
/* End PBXGroup section */

/* Begin PBXNativeTarget section */
		584364EF2BFAD186001D1EDE /* AutoLayout */ = {
			isa = PBXNativeTarget;
			buildConfigurationList = 584365042BFAD187001D1EDE /* Build configuration list for PBXNativeTarget "AutoLayout" */;
			buildPhases = (
				584364EC2BFAD186001D1EDE /* Sources */,
				584364ED2BFAD186001D1EDE /* Frameworks */,
				584364EE2BFAD186001D1EDE /* Resources */,
			);
			buildRules = (
			);
			dependencies = (
			);
			name = AutoLayout;
			productName = AutoLayout;
			productReference = 584364F02BFAD186001D1EDE /* AutoLayout.app */;
			productType = "com.apple.product-type.application";
		};
/* End PBXNativeTarget section */

/* Begin PBXProject section */
		584364E82BFAD186001D1EDE /* Project object */ = {
			isa = PBXProject;
			attributes = {
				BuildIndependentTargetsInParallel = 1;
				LastSwiftUpdateCheck = 1540;
				LastUpgradeCheck = 1540;
				TargetAttributes = {
					584364EF2BFAD186001D1EDE = {
						CreatedOnToolsVersion = 15.4;
					};
				};
			};
			buildConfigurationList = 584364EB2BFAD186001D1EDE /* Build configuration list for PBXProject "AutoLayout" */;
			compatibilityVersion = "Xcode 14.0";
			developmentRegion = en;
			hasScannedForEncodings = 0;
			knownRegions = (
				en,
				Base,
			);
			mainGroup = 584364E72BFAD186001D1EDE;
			productRefGroup = 584364F12BFAD186001D1EDE /* Products */;
			projectDirPath = "";
			projectRoot = "";
			targets = (
				584364EF2BFAD186001D1EDE /* AutoLayout */,
			);
		};
/* End PBXProject section */

/* Begin PBXResourcesBuildPhase section */
		584364EE2BFAD186001D1EDE /* Resources */ = {
			isa = PBXResourcesBuildPhase;
			buildActionMask = 2147483647;
			files = (
				584364FD2BFAD187001D1EDE /* Assets.xcassets in Resources */,
				584365002BFAD187001D1EDE /* Base in Resources */,
				584364FB2BFAD186001D1EDE /* Base in Resources */,
			);
			runOnlyForDeploymentPostprocessing = 0;
		};
/* End PBXResourcesBuildPhase section */

/* Begin PBXSourcesBuildPhase section */
		584364EC2BFAD186001D1EDE /* Sources */ = {
			isa = PBXSourcesBuildPhase;
			buildActionMask = 2147483647;
			files = (
				58E9FA042BFADB00007CAE95 /* ThirdVC.swift in Sources */,
				5829299B2BFB3F2A00353D6B /* EleventhVC.swift in Sources */,
				582929942BFB12A400353D6B /* eighthVC.swift in Sources */,
				582929992BFB325A00353D6B /* TenthVC.swift in Sources */,
				584364F82BFAD186001D1EDE /* ViewController.swift in Sources */,
				5829298E2BFAEB6400353D6B /* FifthVC.swift in Sources */,
				58E9FA022BFADA71007CAE95 /* SecondVC.swift in Sources */,
				58E9FA002BFADA1A007CAE95 /* FirstVC.swift in Sources */,
				5829299D2BFB417B00353D6B /* TwelveVC.swift in Sources */,
				584364F42BFAD186001D1EDE /* AppDelegate.swift in Sources */,
				58E9FA062BFAE127007CAE95 /* FourthVC.swift in Sources */,
				582929902BFAEEF800353D6B /* SixthVC.swift in Sources */,
				582929922BFB079000353D6B /* seventhVC.swift in Sources */,
				582929972BFB1ADE00353D6B /* ninthVC.swift in Sources */,
				584364F62BFAD186001D1EDE /* SceneDelegate.swift in Sources */,
			);
			runOnlyForDeploymentPostprocessing = 0;
		};
/* End PBXSourcesBuildPhase section */

/* Begin PBXVariantGroup section */
		584364F92BFAD186001D1EDE /* Main.storyboard */ = {
			isa = PBXVariantGroup;
			children = (
				584364FA2BFAD186001D1EDE /* Base */,
			);
			name = Main.storyboard;
			sourceTree = "<group>";
		};
		584364FE2BFAD187001D1EDE /* LaunchScreen.storyboard */ = {
			isa = PBXVariantGroup;
			children = (
				584364FF2BFAD187001D1EDE /* Base */,
			);
			name = LaunchScreen.storyboard;
			sourceTree = "<group>";
		};
/* End PBXVariantGroup section */

/* Begin XCBuildConfiguration section */
		584365022BFAD187001D1EDE /* Debug */ = {
			isa = XCBuildConfiguration;
			buildSettings = {
				ALWAYS_SEARCH_USER_PATHS = NO;
				ASSETCATALOG_COMPILER_GENERATE_SWIFT_ASSET_SYMBOL_EXTENSIONS = YES;
				CLANG_ANALYZER_NONNULL = YES;
				CLANG_ANALYZER_NUMBER_OBJECT_CONVERSION = YES_AGGRESSIVE;
				CLANG_CXX_LANGUAGE_STANDARD = "gnu++20";
				CLANG_ENABLE_MODULES = YES;
				CLANG_ENABLE_OBJC_ARC = YES;
				CLANG_ENABLE_OBJC_WEAK = YES;
				CLANG_WARN_BLOCK_CAPTURE_AUTORELEASING = YES;
				CLANG_WARN_BOOL_CONVERSION = YES;
				CLANG_WARN_COMMA = YES;
				CLANG_WARN_CONSTANT_CONVERSION = YES;
				CLANG_WARN_DEPRECATED_OBJC_IMPLEMENTATIONS = YES;
				CLANG_WARN_DIRECT_OBJC_ISA_USAGE = YES_ERROR;
				CLANG_WARN_DOCUMENTATION_COMMENTS = YES;
				CLANG_WARN_EMPTY_BODY = YES;
				CLANG_WARN_ENUM_CONVERSION = YES;
				CLANG_WARN_INFINITE_RECURSION = YES;
				CLANG_WARN_INT_CONVERSION = YES;
				CLANG_WARN_NON_LITERAL_NULL_CONVERSION = YES;
				CLANG_WARN_OBJC_IMPLICIT_RETAIN_SELF = YES;
				CLANG_WARN_OBJC_LITERAL_CONVERSION = YES;
				CLANG_WARN_OBJC_ROOT_CLASS = YES_ERROR;
				CLANG_WARN_QUOTED_INCLUDE_IN_FRAMEWORK_HEADER = YES;
				CLANG_WARN_RANGE_LOOP_ANALYSIS = YES;
				CLANG_WARN_STRICT_PROTOTYPES = YES;
				CLANG_WARN_SUSPICIOUS_MOVE = YES;
				CLANG_WARN_UNGUARDED_AVAILABILITY = YES_AGGRESSIVE;
				CLANG_WARN_UNREACHABLE_CODE = YES;
				CLANG_WARN__DUPLICATE_METHOD_MATCH = YES;
				COPY_PHASE_STRIP = NO;
				DEBUG_INFORMATION_FORMAT = dwarf;
				ENABLE_STRICT_OBJC_MSGSEND = YES;
				ENABLE_TESTABILITY = YES;
				ENABLE_USER_SCRIPT_SANDBOXING = YES;
				GCC_C_LANGUAGE_STANDARD = gnu17;
				GCC_DYNAMIC_NO_PIC = NO;
				GCC_NO_COMMON_BLOCKS = YES;
				GCC_OPTIMIZATION_LEVEL = 0;
				GCC_PREPROCESSOR_DEFINITIONS = (
					"DEBUG=1",
					"$(inherited)",
				);
				GCC_WARN_64_TO_32_BIT_CONVERSION = YES;
				GCC_WARN_ABOUT_RETURN_TYPE = YES_ERROR;
				GCC_WARN_UNDECLARED_SELECTOR = YES;
				GCC_WARN_UNINITIALIZED_AUTOS = YES_AGGRESSIVE;
				GCC_WARN_UNUSED_FUNCTION = YES;
				GCC_WARN_UNUSED_VARIABLE = YES;
				IPHONEOS_DEPLOYMENT_TARGET = 17.5;
				LOCALIZATION_PREFERS_STRING_CATALOGS = YES;
				MTL_ENABLE_DEBUG_INFO = INCLUDE_SOURCE;
				MTL_FAST_MATH = YES;
				ONLY_ACTIVE_ARCH = YES;
				SDKROOT = iphoneos;
				SWIFT_ACTIVE_COMPILATION_CONDITIONS = "DEBUG $(inherited)";
				SWIFT_OPTIMIZATION_LEVEL = "-Onone";
			};
			name = Debug;
		};
		584365032BFAD187001D1EDE /* Release */ = {
			isa = XCBuildConfiguration;
			buildSettings = {
				ALWAYS_SEARCH_USER_PATHS = NO;
				ASSETCATALOG_COMPILER_GENERATE_SWIFT_ASSET_SYMBOL_EXTENSIONS = YES;
				CLANG_ANALYZER_NONNULL = YES;
				CLANG_ANALYZER_NUMBER_OBJECT_CONVERSION = YES_AGGRESSIVE;
				CLANG_CXX_LANGUAGE_STANDARD = "gnu++20";
				CLANG_ENABLE_MODULES = YES;
				CLANG_ENABLE_OBJC_ARC = YES;
				CLANG_ENABLE_OBJC_WEAK = YES;
				CLANG_WARN_BLOCK_CAPTURE_AUTORELEASING = YES;
				CLANG_WARN_BOOL_CONVERSION = YES;
				CLANG_WARN_COMMA = YES;
				CLANG_WARN_CONSTANT_CONVERSION = YES;
				CLANG_WARN_DEPRECATED_OBJC_IMPLEMENTATIONS = YES;
				CLANG_WARN_DIRECT_OBJC_ISA_USAGE = YES_ERROR;
				CLANG_WARN_DOCUMENTATION_COMMENTS = YES;
				CLANG_WARN_EMPTY_BODY = YES;
				CLANG_WARN_ENUM_CONVERSION = YES;
				CLANG_WARN_INFINITE_RECURSION = YES;
				CLANG_WARN_INT_CONVERSION = YES;
				CLANG_WARN_NON_LITERAL_NULL_CONVERSION = YES;
				CLANG_WARN_OBJC_IMPLICIT_RETAIN_SELF = YES;
				CLANG_WARN_OBJC_LITERAL_CONVERSION = YES;
				CLANG_WARN_OBJC_ROOT_CLASS = YES_ERROR;
				CLANG_WARN_QUOTED_INCLUDE_IN_FRAMEWORK_HEADER = YES;
				CLANG_WARN_RANGE_LOOP_ANALYSIS = YES;
				CLANG_WARN_STRICT_PROTOTYPES = YES;
				CLANG_WARN_SUSPICIOUS_MOVE = YES;
				CLANG_WARN_UNGUARDED_AVAILABILITY = YES_AGGRESSIVE;
				CLANG_WARN_UNREACHABLE_CODE = YES;
				CLANG_WARN__DUPLICATE_METHOD_MATCH = YES;
				COPY_PHASE_STRIP = NO;
				DEBUG_INFORMATION_FORMAT = "dwarf-with-dsym";
				ENABLE_NS_ASSERTIONS = NO;
				ENABLE_STRICT_OBJC_MSGSEND = YES;
				ENABLE_USER_SCRIPT_SANDBOXING = YES;
				GCC_C_LANGUAGE_STANDARD = gnu17;
				GCC_NO_COMMON_BLOCKS = YES;
				GCC_WARN_64_TO_32_BIT_CONVERSION = YES;
				GCC_WARN_ABOUT_RETURN_TYPE = YES_ERROR;
				GCC_WARN_UNDECLARED_SELECTOR = YES;
				GCC_WARN_UNINITIALIZED_AUTOS = YES_AGGRESSIVE;
				GCC_WARN_UNUSED_FUNCTION = YES;
				GCC_WARN_UNUSED_VARIABLE = YES;
				IPHONEOS_DEPLOYMENT_TARGET = 17.5;
				LOCALIZATION_PREFERS_STRING_CATALOGS = YES;
				MTL_ENABLE_DEBUG_INFO = NO;
				MTL_FAST_MATH = YES;
				SDKROOT = iphoneos;
				SWIFT_COMPILATION_MODE = wholemodule;
				VALIDATE_PRODUCT = YES;
			};
			name = Release;
		};
		584365052BFAD187001D1EDE /* Debug */ = {
			isa = XCBuildConfiguration;
			buildSettings = {
				ASSETCATALOG_COMPILER_APPICON_NAME = AppIcon;
				ASSETCATALOG_COMPILER_GLOBAL_ACCENT_COLOR_NAME = AccentColor;
				CODE_SIGN_STYLE = Automatic;
				CURRENT_PROJECT_VERSION = 1;
				DEVELOPMENT_TEAM = P95R3MRRWK;
				GENERATE_INFOPLIST_FILE = YES;
				INFOPLIST_FILE = AutoLayout/Info.plist;
				INFOPLIST_KEY_UIApplicationSupportsIndirectInputEvents = YES;
				INFOPLIST_KEY_UILaunchStoryboardName = LaunchScreen;
				INFOPLIST_KEY_UIMainStoryboardFile = Main;
				INFOPLIST_KEY_UISupportedInterfaceOrientations_iPad = "UIInterfaceOrientationPortrait UIInterfaceOrientationPortraitUpsideDown UIInterfaceOrientationLandscapeLeft UIInterfaceOrientationLandscapeRight";
				INFOPLIST_KEY_UISupportedInterfaceOrientations_iPhone = "UIInterfaceOrientationPortrait UIInterfaceOrientationLandscapeLeft UIInterfaceOrientationLandscapeRight";
				LD_RUNPATH_SEARCH_PATHS = (
					"$(inherited)",
					"@executable_path/Frameworks",
				);
				MARKETING_VERSION = 1.0;
				PRODUCT_BUNDLE_IDENTIFIER = kr.Bin.AutoLayout;
				PRODUCT_NAME = "$(TARGET_NAME)";
				SWIFT_EMIT_LOC_STRINGS = YES;
				SWIFT_VERSION = 5.0;
				TARGETED_DEVICE_FAMILY = "1,2";
			};
			name = Debug;
		};
		584365062BFAD187001D1EDE /* Release */ = {
			isa = XCBuildConfiguration;
			buildSettings = {
				ASSETCATALOG_COMPILER_APPICON_NAME = AppIcon;
				ASSETCATALOG_COMPILER_GLOBAL_ACCENT_COLOR_NAME = AccentColor;
				CODE_SIGN_STYLE = Automatic;
				CURRENT_PROJECT_VERSION = 1;
				DEVELOPMENT_TEAM = P95R3MRRWK;
				GENERATE_INFOPLIST_FILE = YES;
				INFOPLIST_FILE = AutoLayout/Info.plist;
				INFOPLIST_KEY_UIApplicationSupportsIndirectInputEvents = YES;
				INFOPLIST_KEY_UILaunchStoryboardName = LaunchScreen;
				INFOPLIST_KEY_UIMainStoryboardFile = Main;
				INFOPLIST_KEY_UISupportedInterfaceOrientations_iPad = "UIInterfaceOrientationPortrait UIInterfaceOrientationPortraitUpsideDown UIInterfaceOrientationLandscapeLeft UIInterfaceOrientationLandscapeRight";
				INFOPLIST_KEY_UISupportedInterfaceOrientations_iPhone = "UIInterfaceOrientationPortrait UIInterfaceOrientationLandscapeLeft UIInterfaceOrientationLandscapeRight";
				LD_RUNPATH_SEARCH_PATHS = (
					"$(inherited)",
					"@executable_path/Frameworks",
				);
				MARKETING_VERSION = 1.0;
				PRODUCT_BUNDLE_IDENTIFIER = kr.Bin.AutoLayout;
				PRODUCT_NAME = "$(TARGET_NAME)";
				SWIFT_EMIT_LOC_STRINGS = YES;
				SWIFT_VERSION = 5.0;
				TARGETED_DEVICE_FAMILY = "1,2";
			};
			name = Release;
		};
/* End XCBuildConfiguration section */

/* Begin XCConfigurationList section */
		584364EB2BFAD186001D1EDE /* Build configuration list for PBXProject "AutoLayout" */ = {
			isa = XCConfigurationList;
			buildConfigurations = (
				584365022BFAD187001D1EDE /* Debug */,
				584365032BFAD187001D1EDE /* Release */,
			);
			defaultConfigurationIsVisible = 0;
			defaultConfigurationName = Release;
		};
		584365042BFAD187001D1EDE /* Build configuration list for PBXNativeTarget "AutoLayout" */ = {
			isa = XCConfigurationList;
			buildConfigurations = (
				584365052BFAD187001D1EDE /* Debug */,
				584365062BFAD187001D1EDE /* Release */,
			);
			defaultConfigurationIsVisible = 0;
			defaultConfigurationName = Release;
		};
/* End XCConfigurationList section */
	};
	rootObject = 584364E82BFAD186001D1EDE /* Project object */;
}
