// !$*UTF8*$!
{
	archiveVersion = 1;
	classes = {
	};
	objectVersion = 56;
	objects = {

/* Begin PBXBuildFile section */
		581EA86D2BFC544D008EDC76 /* AppDelegate.swift in Sources */ = {isa = PBXBuildFile; fileRef = 581EA86C2BFC544D008EDC76 /* AppDelegate.swift */; };
		581EA86F2BFC544D008EDC76 /* SceneDelegate.swift in Sources */ = {isa = PBXBuildFile; fileRef = 581EA86E2BFC544D008EDC76 /* SceneDelegate.swift */; };
		581EA8712BFC544D008EDC76 /* ViewController.swift in Sources */ = {isa = PBXBuildFile; fileRef = 581EA8702BFC544D008EDC76 /* ViewController.swift */; };
		581EA8742BFC544D008EDC76 /* Base in Resources */ = {isa = PBXBuildFile; fileRef = 581EA8732BFC544D008EDC76 /* Base */; };
		581EA8762BFC544F008EDC76 /* Assets.xcassets in Resources */ = {isa = PBXBuildFile; fileRef = 581EA8752BFC544F008EDC76 /* Assets.xcassets */; };
		581EA8792BFC544F008EDC76 /* Base in Resources */ = {isa = PBXBuildFile; fileRef = 581EA8782BFC544F008EDC76 /* Base */; };
		581EA8822BFC54E2008EDC76 /* PickerViewController.swift in Sources */ = {isa = PBXBuildFile; fileRef = 581EA8812BFC54E2008EDC76 /* PickerViewController.swift */; };
		581EA8842BFC5C8C008EDC76 /* DatePickerViewController.swift in Sources */ = {isa = PBXBuildFile; fileRef = 581EA8832BFC5C8C008EDC76 /* DatePickerViewController.swift */; };
		581EA8862BFC643C008EDC76 /* ColorPickerViewController.swift in Sources */ = {isa = PBXBuildFile; fileRef = 581EA8852BFC643C008EDC76 /* ColorPickerViewController.swift */; };
/* End PBXBuildFile section */

/* Begin PBXFileReference section */
		581EA8692BFC544D008EDC76 /* PickerWithUIKit.app */ = {isa = PBXFileReference; explicitFileType = wrapper.application; includeInIndex = 0; path = PickerWithUIKit.app; sourceTree = BUILT_PRODUCTS_DIR; };
		581EA86C2BFC544D008EDC76 /* AppDelegate.swift */ = {isa = PBXFileReference; lastKnownFileType = sourcecode.swift; path = AppDelegate.swift; sourceTree = "<group>"; };
		581EA86E2BFC544D008EDC76 /* SceneDelegate.swift */ = {isa = PBXFileReference; lastKnownFileType = sourcecode.swift; path = SceneDelegate.swift; sourceTree = "<group>"; };
		581EA8702BFC544D008EDC76 /* ViewController.swift */ = {isa = PBXFileReference; lastKnownFileType = sourcecode.swift; path = ViewController.swift; sourceTree = "<group>"; };
		581EA8732BFC544D008EDC76 /* Base */ = {isa = PBXFileReference; lastKnownFileType = file.storyboard; name = Base; path = Base.lproj/Main.storyboard; sourceTree = "<group>"; };
		581EA8752BFC544F008EDC76 /* Assets.xcassets */ = {isa = PBXFileReference; lastKnownFileType = folder.assetcatalog; path = Assets.xcassets; sourceTree = "<group>"; };
		581EA8782BFC544F008EDC76 /* Base */ = {isa = PBXFileReference; lastKnownFileType = file.storyboard; name = Base; path = Base.lproj/LaunchScreen.storyboard; sourceTree = "<group>"; };
		581EA87A2BFC544F008EDC76 /* Info.plist */ = {isa = PBXFileReference; lastKnownFileType = text.plist.xml; path = Info.plist; sourceTree = "<group>"; };
		581EA8812BFC54E2008EDC76 /* PickerViewController.swift */ = {isa = PBXFileReference; lastKnownFileType = sourcecode.swift; path = PickerViewController.swift; sourceTree = "<group>"; };
		581EA8832BFC5C8C008EDC76 /* DatePickerViewController.swift */ = {isa = PBXFileReference; lastKnownFileType = sourcecode.swift; path = DatePickerViewController.swift; sourceTree = "<group>"; };
		581EA8852BFC643C008EDC76 /* ColorPickerViewController.swift */ = {isa = PBXFileReference; lastKnownFileType = sourcecode.swift; path = ColorPickerViewController.swift; sourceTree = "<group>"; };
/* End PBXFileReference section */

/* Begin PBXFrameworksBuildPhase section */
		581EA8662BFC544D008EDC76 /* Frameworks */ = {
			isa = PBXFrameworksBuildPhase;
			buildActionMask = 2147483647;
			files = (
			);
			runOnlyForDeploymentPostprocessing = 0;
		};
/* End PBXFrameworksBuildPhase section */

/* Begin PBXGroup section */
		581EA8602BFC544D008EDC76 = {
			isa = PBXGroup;
			children = (
				581EA86B2BFC544D008EDC76 /* PickerWithUIKit */,
				581EA86A2BFC544D008EDC76 /* Products */,
			);
			sourceTree = "<group>";
		};
		581EA86A2BFC544D008EDC76 /* Products */ = {
			isa = PBXGroup;
			children = (
				581EA8692BFC544D008EDC76 /* PickerWithUIKit.app */,
			);
			name = Products;
			sourceTree = "<group>";
		};
		581EA86B2BFC544D008EDC76 /* PickerWithUIKit */ = {
			isa = PBXGroup;
			children = (
				581EA86C2BFC544D008EDC76 /* AppDelegate.swift */,
				581EA86E2BFC544D008EDC76 /* SceneDelegate.swift */,
				581EA8702BFC544D008EDC76 /* ViewController.swift */,
				581EA8802BFC54C8008EDC76 /* Pickers */,
				581EA8722BFC544D008EDC76 /* Main.storyboard */,
				581EA8752BFC544F008EDC76 /* Assets.xcassets */,
				581EA8772BFC544F008EDC76 /* LaunchScreen.storyboard */,
				581EA87A2BFC544F008EDC76 /* Info.plist */,
			);
			path = PickerWithUIKit;
			sourceTree = "<group>";
		};
		581EA8802BFC54C8008EDC76 /* Pickers */ = {
			isa = PBXGroup;
			children = (
				581EA8812BFC54E2008EDC76 /* PickerViewController.swift */,
				581EA8832BFC5C8C008EDC76 /* DatePickerViewController.swift */,
				581EA8852BFC643C008EDC76 /* ColorPickerViewController.swift */,
			);
			path = Pickers;
			sourceTree = "<group>";
		};
/* End PBXGroup section */

/* Begin PBXNativeTarget section */
		581EA8682BFC544D008EDC76 /* PickerWithUIKit */ = {
			isa = PBXNativeTarget;
			buildConfigurationList = 581EA87D2BFC544F008EDC76 /* Build configuration list for PBXNativeTarget "PickerWithUIKit" */;
			buildPhases = (
				581EA8652BFC544D008EDC76 /* Sources */,
				581EA8662BFC544D008EDC76 /* Frameworks */,
				581EA8672BFC544D008EDC76 /* Resources */,
			);
			buildRules = (
			);
			dependencies = (
			);
			name = PickerWithUIKit;
			productName = PickerWithUIKit;
			productReference = 581EA8692BFC544D008EDC76 /* PickerWithUIKit.app */;
			productType = "com.apple.product-type.application";
		};
/* End PBXNativeTarget section */

/* Begin PBXProject section */
		581EA8612BFC544D008EDC76 /* Project object */ = {
			isa = PBXProject;
			attributes = {
				BuildIndependentTargetsInParallel = 1;
				LastSwiftUpdateCheck = 1540;
				LastUpgradeCheck = 1540;
				TargetAttributes = {
					581EA8682BFC544D008EDC76 = {
						CreatedOnToolsVersion = 15.4;
					};
				};
			};
			buildConfigurationList = 581EA8642BFC544D008EDC76 /* Build configuration list for PBXProject "PickerWithUIKit" */;
			compatibilityVersion = "Xcode 14.0";
			developmentRegion = en;
			hasScannedForEncodings = 0;
			knownRegions = (
				en,
				Base,
			);
			mainGroup = 581EA8602BFC544D008EDC76;
			productRefGroup = 581EA86A2BFC544D008EDC76 /* Products */;
			projectDirPath = "";
			projectRoot = "";
			targets = (
				581EA8682BFC544D008EDC76 /* PickerWithUIKit */,
			);
		};
/* End PBXProject section */

/* Begin PBXResourcesBuildPhase section */
		581EA8672BFC544D008EDC76 /* Resources */ = {
			isa = PBXResourcesBuildPhase;
			buildActionMask = 2147483647;
			files = (
				581EA8762BFC544F008EDC76 /* Assets.xcassets in Resources */,
				581EA8792BFC544F008EDC76 /* Base in Resources */,
				581EA8742BFC544D008EDC76 /* Base in Resources */,
			);
			runOnlyForDeploymentPostprocessing = 0;
		};
/* End PBXResourcesBuildPhase section */

/* Begin PBXSourcesBuildPhase section */
		581EA8652BFC544D008EDC76 /* Sources */ = {
			isa = PBXSourcesBuildPhase;
			buildActionMask = 2147483647;
			files = (
				581EA8712BFC544D008EDC76 /* ViewController.swift in Sources */,
				581EA8842BFC5C8C008EDC76 /* DatePickerViewController.swift in Sources */,
				581EA8862BFC643C008EDC76 /* ColorPickerViewController.swift in Sources */,
				581EA86D2BFC544D008EDC76 /* AppDelegate.swift in Sources */,
				581EA8822BFC54E2008EDC76 /* PickerViewController.swift in Sources */,
				581EA86F2BFC544D008EDC76 /* SceneDelegate.swift in Sources */,
			);
			runOnlyForDeploymentPostprocessing = 0;
		};
/* End PBXSourcesBuildPhase section */

/* Begin PBXVariantGroup section */
		581EA8722BFC544D008EDC76 /* Main.storyboard */ = {
			isa = PBXVariantGroup;
			children = (
				581EA8732BFC544D008EDC76 /* Base */,
			);
			name = Main.storyboard;
			sourceTree = "<group>";
		};
		581EA8772BFC544F008EDC76 /* LaunchScreen.storyboard */ = {
			isa = PBXVariantGroup;
			children = (
				581EA8782BFC544F008EDC76 /* Base */,
			);
			name = LaunchScreen.storyboard;
			sourceTree = "<group>";
		};
/* End PBXVariantGroup section */

/* Begin XCBuildConfiguration section */
		581EA87B2BFC544F008EDC76 /* Debug */ = {
			isa = XCBuildConfiguration;
			buildSettings = {
				ALWAYS_SEARCH_USER_PATHS = NO;
				ASSETCATALOG_COMPILER_GENERATE_SWIFT_ASSET_SYMBOL_EXTENSIONS = YES;
				CLANG_ANALYZER_NONNULL = YES;
				CLANG_ANALYZER_NUMBER_OBJECT_CONVERSION = YES_AGGRESSIVE;
				CLANG_CXX_LANGUAGE_STANDARD = "gnu++20";
				CLANG_ENABLE_MODULES = YES;
				CLANG_ENABLE_OBJC_ARC = YES;
				CLANG_ENABLE_OBJC_WEAK = YES;
				CLANG_WARN_BLOCK_CAPTURE_AUTORELEASING = YES;
				CLANG_WARN_BOOL_CONVERSION = YES;
				CLANG_WARN_COMMA = YES;
				CLANG_WARN_CONSTANT_CONVERSION = YES;
				CLANG_WARN_DEPRECATED_OBJC_IMPLEMENTATIONS = YES;
				CLANG_WARN_DIRECT_OBJC_ISA_USAGE = YES_ERROR;
				CLANG_WARN_DOCUMENTATION_COMMENTS = YES;
				CLANG_WARN_EMPTY_BODY = YES;
				CLANG_WARN_ENUM_CONVERSION = YES;
				CLANG_WARN_INFINITE_RECURSION = YES;
				CLANG_WARN_INT_CONVERSION = YES;
				CLANG_WARN_NON_LITERAL_NULL_CONVERSION = YES;
				CLANG_WARN_OBJC_IMPLICIT_RETAIN_SELF = YES;
				CLANG_WARN_OBJC_LITERAL_CONVERSION = YES;
				CLANG_WARN_OBJC_ROOT_CLASS = YES_ERROR;
				CLANG_WARN_QUOTED_INCLUDE_IN_FRAMEWORK_HEADER = YES;
				CLANG_WARN_RANGE_LOOP_ANALYSIS = YES;
				CLANG_WARN_STRICT_PROTOTYPES = YES;
				CLANG_WARN_SUSPICIOUS_MOVE = YES;
				CLANG_WARN_UNGUARDED_AVAILABILITY = YES_AGGRESSIVE;
				CLANG_WARN_UNREACHABLE_CODE = YES;
				CLANG_WARN__DUPLICATE_METHOD_MATCH = YES;
				COPY_PHASE_STRIP = NO;
				DEBUG_INFORMATION_FORMAT = dwarf;
				ENABLE_STRICT_OBJC_MSGSEND = YES;
				ENABLE_TESTABILITY = YES;
				ENABLE_USER_SCRIPT_SANDBOXING = YES;
				GCC_C_LANGUAGE_STANDARD = gnu17;
				GCC_DYNAMIC_NO_PIC = NO;
				GCC_NO_COMMON_BLOCKS = YES;
				GCC_OPTIMIZATION_LEVEL = 0;
				GCC_PREPROCESSOR_DEFINITIONS = (
					"DEBUG=1",
					"$(inherited)",
				);
				GCC_WARN_64_TO_32_BIT_CONVERSION = YES;
				GCC_WARN_ABOUT_RETURN_TYPE = YES_ERROR;
				GCC_WARN_UNDECLARED_SELECTOR = YES;
				GCC_WARN_UNINITIALIZED_AUTOS = YES_AGGRESSIVE;
				GCC_WARN_UNUSED_FUNCTION = YES;
				GCC_WARN_UNUSED_VARIABLE = YES;
				IPHONEOS_DEPLOYMENT_TARGET = 17.5;
				LOCALIZATION_PREFERS_STRING_CATALOGS = YES;
				MTL_ENABLE_DEBUG_INFO = INCLUDE_SOURCE;
				MTL_FAST_MATH = YES;
				ONLY_ACTIVE_ARCH = YES;
				SDKROOT = iphoneos;
				SWIFT_ACTIVE_COMPILATION_CONDITIONS = "DEBUG $(inherited)";
				SWIFT_OPTIMIZATION_LEVEL = "-Onone";
			};
			name = Debug;
		};
		581EA87C2BFC544F008EDC76 /* Release */ = {
			isa = XCBuildConfiguration;
			buildSettings = {
				ALWAYS_SEARCH_USER_PATHS = NO;
				ASSETCATALOG_COMPILER_GENERATE_SWIFT_ASSET_SYMBOL_EXTENSIONS = YES;
				CLANG_ANALYZER_NONNULL = YES;
				CLANG_ANALYZER_NUMBER_OBJECT_CONVERSION = YES_AGGRESSIVE;
				CLANG_CXX_LANGUAGE_STANDARD = "gnu++20";
				CLANG_ENABLE_MODULES = YES;
				CLANG_ENABLE_OBJC_ARC = YES;
				CLANG_ENABLE_OBJC_WEAK = YES;
				CLANG_WARN_BLOCK_CAPTURE_AUTORELEASING = YES;
				CLANG_WARN_BOOL_CONVERSION = YES;
				CLANG_WARN_COMMA = YES;
				CLANG_WARN_CONSTANT_CONVERSION = YES;
				CLANG_WARN_DEPRECATED_OBJC_IMPLEMENTATIONS = YES;
				CLANG_WARN_DIRECT_OBJC_ISA_USAGE = YES_ERROR;
				CLANG_WARN_DOCUMENTATION_COMMENTS = YES;
				CLANG_WARN_EMPTY_BODY = YES;
				CLANG_WARN_ENUM_CONVERSION = YES;
				CLANG_WARN_INFINITE_RECURSION = YES;
				CLANG_WARN_INT_CONVERSION = YES;
				CLANG_WARN_NON_LITERAL_NULL_CONVERSION = YES;
				CLANG_WARN_OBJC_IMPLICIT_RETAIN_SELF = YES;
				CLANG_WARN_OBJC_LITERAL_CONVERSION = YES;
				CLANG_WARN_OBJC_ROOT_CLASS = YES_ERROR;
				CLANG_WARN_QUOTED_INCLUDE_IN_FRAMEWORK_HEADER = YES;
				CLANG_WARN_RANGE_LOOP_ANALYSIS = YES;
				CLANG_WARN_STRICT_PROTOTYPES = YES;
				CLANG_WARN_SUSPICIOUS_MOVE = YES;
				CLANG_WARN_UNGUARDED_AVAILABILITY = YES_AGGRESSIVE;
				CLANG_WARN_UNREACHABLE_CODE = YES;
				CLANG_WARN__DUPLICATE_METHOD_MATCH = YES;
				COPY_PHASE_STRIP = NO;
				DEBUG_INFORMATION_FORMAT = "dwarf-with-dsym";
				ENABLE_NS_ASSERTIONS = NO;
				ENABLE_STRICT_OBJC_MSGSEND = YES;
				ENABLE_USER_SCRIPT_SANDBOXING = YES;
				GCC_C_LANGUAGE_STANDARD = gnu17;
				GCC_NO_COMMON_BLOCKS = YES;
				GCC_WARN_64_TO_32_BIT_CONVERSION = YES;
				GCC_WARN_ABOUT_RETURN_TYPE = YES_ERROR;
				GCC_WARN_UNDECLARED_SELECTOR = YES;
				GCC_WARN_UNINITIALIZED_AUTOS = YES_AGGRESSIVE;
				GCC_WARN_UNUSED_FUNCTION = YES;
				GCC_WARN_UNUSED_VARIABLE = YES;
				IPHONEOS_DEPLOYMENT_TARGET = 17.5;
				LOCALIZATION_PREFERS_STRING_CATALOGS = YES;
				MTL_ENABLE_DEBUG_INFO = NO;
				MTL_FAST_MATH = YES;
				SDKROOT = iphoneos;
				SWIFT_COMPILATION_MODE = wholemodule;
				VALIDATE_PRODUCT = YES;
			};
			name = Release;
		};
		581EA87E2BFC544F008EDC76 /* Debug */ = {
			isa = XCBuildConfiguration;
			buildSettings = {
				ASSETCATALOG_COMPILER_APPICON_NAME = AppIcon;
				ASSETCATALOG_COMPILER_GLOBAL_ACCENT_COLOR_NAME = AccentColor;
				CODE_SIGN_STYLE = Automatic;
				CURRENT_PROJECT_VERSION = 1;
				DEVELOPMENT_TEAM = P95R3MRRWK;
				GENERATE_INFOPLIST_FILE = YES;
				INFOPLIST_FILE = PickerWithUIKit/Info.plist;
				INFOPLIST_KEY_UIApplicationSupportsIndirectInputEvents = YES;
				INFOPLIST_KEY_UILaunchStoryboardName = LaunchScreen;
				INFOPLIST_KEY_UIMainStoryboardFile = Main;
				INFOPLIST_KEY_UISupportedInterfaceOrientations_iPad = "UIInterfaceOrientationPortrait UIInterfaceOrientationPortraitUpsideDown UIInterfaceOrientationLandscapeLeft UIInterfaceOrientationLandscapeRight";
				INFOPLIST_KEY_UISupportedInterfaceOrientations_iPhone = "UIInterfaceOrientationPortrait UIInterfaceOrientationLandscapeLeft UIInterfaceOrientationLandscapeRight";
				LD_RUNPATH_SEARCH_PATHS = (
					"$(inherited)",
					"@executable_path/Frameworks",
				);
				MARKETING_VERSION = 1.0;
				PRODUCT_BUNDLE_IDENTIFIER = kr.Bin.PickerWithUIKit;
				PRODUCT_NAME = "$(TARGET_NAME)";
				SWIFT_EMIT_LOC_STRINGS = YES;
				SWIFT_VERSION = 5.0;
				TARGETED_DEVICE_FAMILY = "1,2";
			};
			name = Debug;
		};
		581EA87F2BFC544F008EDC76 /* Release */ = {
			isa = XCBuildConfiguration;
			buildSettings = {
				ASSETCATALOG_COMPILER_APPICON_NAME = AppIcon;
				ASSETCATALOG_COMPILER_GLOBAL_ACCENT_COLOR_NAME = AccentColor;
				CODE_SIGN_STYLE = Automatic;
				CURRENT_PROJECT_VERSION = 1;
				DEVELOPMENT_TEAM = P95R3MRRWK;
				GENERATE_INFOPLIST_FILE = YES;
				INFOPLIST_FILE = PickerWithUIKit/Info.plist;
				INFOPLIST_KEY_UIApplicationSupportsIndirectInputEvents = YES;
				INFOPLIST_KEY_UILaunchStoryboardName = LaunchScreen;
				INFOPLIST_KEY_UIMainStoryboardFile = Main;
				INFOPLIST_KEY_UISupportedInterfaceOrientations_iPad = "UIInterfaceOrientationPortrait UIInterfaceOrientationPortraitUpsideDown UIInterfaceOrientationLandscapeLeft UIInterfaceOrientationLandscapeRight";
				INFOPLIST_KEY_UISupportedInterfaceOrientations_iPhone = "UIInterfaceOrientationPortrait UIInterfaceOrientationLandscapeLeft UIInterfaceOrientationLandscapeRight";
				LD_RUNPATH_SEARCH_PATHS = (
					"$(inherited)",
					"@executable_path/Frameworks",
				);
				MARKETING_VERSION = 1.0;
				PRODUCT_BUNDLE_IDENTIFIER = kr.Bin.PickerWithUIKit;
				PRODUCT_NAME = "$(TARGET_NAME)";
				SWIFT_EMIT_LOC_STRINGS = YES;
				SWIFT_VERSION = 5.0;
				TARGETED_DEVICE_FAMILY = "1,2";
			};
			name = Release;
		};
/* End XCBuildConfiguration section */

/* Begin XCConfigurationList section */
		581EA8642BFC544D008EDC76 /* Build configuration list for PBXProject "PickerWithUIKit" */ = {
			isa = XCConfigurationList;
			buildConfigurations = (
				581EA87B2BFC544F008EDC76 /* Debug */,
				581EA87C2BFC544F008EDC76 /* Release */,
			);
			defaultConfigurationIsVisible = 0;
			defaultConfigurationName = Release;
		};
		581EA87D2BFC544F008EDC76 /* Build configuration list for PBXNativeTarget "PickerWithUIKit" */ = {
			isa = XCConfigurationList;
			buildConfigurations = (
				581EA87E2BFC544F008EDC76 /* Debug */,
				581EA87F2BFC544F008EDC76 /* Release */,
			);
			defaultConfigurationIsVisible = 0;
			defaultConfigurationName = Release;
		};
/* End XCConfigurationList section */
	};
	rootObject = 581EA8612BFC544D008EDC76 /* Project object */;
}
