// !$*UTF8*$!
{
	archiveVersion = 1;
	classes = {
	};
	objectVersion = 56;
	objects = {

/* Begin PBXBuildFile section */
		5808E90B2BDF597B007A9D1A /* FirebaseBasicApp.swift in Sources */ = {isa = PBXBuildFile; fileRef = 5808E90A2BDF597B007A9D1A /* FirebaseBasicApp.swift */; };
		5808E90D2BDF597B007A9D1A /* ContentView.swift in Sources */ = {isa = PBXBuildFile; fileRef = 5808E90C2BDF597B007A9D1A /* ContentView.swift */; };
		5808E90F2BDF597C007A9D1A /* Assets.xcassets in Resources */ = {isa = PBXBuildFile; fileRef = 5808E90E2BDF597C007A9D1A /* Assets.xcassets */; };
		5808E9122BDF597C007A9D1A /* Preview Assets.xcassets in Resources */ = {isa = PBXBuildFile; fileRef = 5808E9112BDF597C007A9D1A /* Preview Assets.xcassets */; };
		58939E0C2BDF5A69008EC783 /* GoogleSignIn in Frameworks */ = {isa = PBXBuildFile; productRef = 58939E0B2BDF5A69008EC783 /* GoogleSignIn */; };
		58939E0E2BDF5A69008EC783 /* GoogleSignInSwift in Frameworks */ = {isa = PBXBuildFile; productRef = 58939E0D2BDF5A69008EC783 /* GoogleSignInSwift */; };
		58939E112BDF5A8D008EC783 /* FirebaseAuth in Frameworks */ = {isa = PBXBuildFile; productRef = 58939E102BDF5A8D008EC783 /* FirebaseAuth */; };
		58939E142BDF6B2E008EC783 /* GoogleService-Info.plist in Resources */ = {isa = PBXBuildFile; fileRef = 58939E132BDF6B2E008EC783 /* GoogleService-Info.plist */; };
		58939E162BDF73D3008EC783 /* AuthenticationViewModel.swift in Sources */ = {isa = PBXBuildFile; fileRef = 58939E152BDF73D3008EC783 /* AuthenticationViewModel.swift */; };
/* End PBXBuildFile section */

/* Begin PBXFileReference section */
		5808E9072BDF597B007A9D1A /* FirebaseBasic.app */ = {isa = PBXFileReference; explicitFileType = wrapper.application; includeInIndex = 0; path = FirebaseBasic.app; sourceTree = BUILT_PRODUCTS_DIR; };
		5808E90A2BDF597B007A9D1A /* FirebaseBasicApp.swift */ = {isa = PBXFileReference; lastKnownFileType = sourcecode.swift; path = FirebaseBasicApp.swift; sourceTree = "<group>"; };
		5808E90C2BDF597B007A9D1A /* ContentView.swift */ = {isa = PBXFileReference; lastKnownFileType = sourcecode.swift; path = ContentView.swift; sourceTree = "<group>"; };
		5808E90E2BDF597C007A9D1A /* Assets.xcassets */ = {isa = PBXFileReference; lastKnownFileType = folder.assetcatalog; path = Assets.xcassets; sourceTree = "<group>"; };
		5808E9112BDF597C007A9D1A /* Preview Assets.xcassets */ = {isa = PBXFileReference; lastKnownFileType = folder.assetcatalog; path = "Preview Assets.xcassets"; sourceTree = "<group>"; };
		58939E122BDF5E10008EC783 /* Info.plist */ = {isa = PBXFileReference; lastKnownFileType = text.plist; path = Info.plist; sourceTree = "<group>"; };
		58939E132BDF6B2E008EC783 /* GoogleService-Info.plist */ = {isa = PBXFileReference; fileEncoding = 4; lastKnownFileType = text.plist.xml; path = "GoogleService-Info.plist"; sourceTree = "<group>"; };
		58939E152BDF73D3008EC783 /* AuthenticationViewModel.swift */ = {isa = PBXFileReference; lastKnownFileType = sourcecode.swift; path = AuthenticationViewModel.swift; sourceTree = "<group>"; };
/* End PBXFileReference section */

/* Begin PBXFrameworksBuildPhase section */
		5808E9042BDF597B007A9D1A /* Frameworks */ = {
			isa = PBXFrameworksBuildPhase;
			buildActionMask = 2147483647;
			files = (
				58939E0C2BDF5A69008EC783 /* GoogleSignIn in Frameworks */,
				58939E112BDF5A8D008EC783 /* FirebaseAuth in Frameworks */,
				58939E0E2BDF5A69008EC783 /* GoogleSignInSwift in Frameworks */,
			);
			runOnlyForDeploymentPostprocessing = 0;
		};
/* End PBXFrameworksBuildPhase section */

/* Begin PBXGroup section */
		5808E8FE2BDF597B007A9D1A = {
			isa = PBXGroup;
			children = (
				5808E9092BDF597B007A9D1A /* FirebaseBasic */,
				5808E9082BDF597B007A9D1A /* Products */,
			);
			sourceTree = "<group>";
		};
		5808E9082BDF597B007A9D1A /* Products */ = {
			isa = PBXGroup;
			children = (
				5808E9072BDF597B007A9D1A /* FirebaseBasic.app */,
			);
			name = Products;
			sourceTree = "<group>";
		};
		5808E9092BDF597B007A9D1A /* FirebaseBasic */ = {
			isa = PBXGroup;
			children = (
				58939E122BDF5E10008EC783 /* Info.plist */,
				5808E90A2BDF597B007A9D1A /* FirebaseBasicApp.swift */,
				5808E90C2BDF597B007A9D1A /* ContentView.swift */,
				58939E172BDF73D7008EC783 /* ViewModel */,
				5808E90E2BDF597C007A9D1A /* Assets.xcassets */,
				58939E132BDF6B2E008EC783 /* GoogleService-Info.plist */,
				5808E9102BDF597C007A9D1A /* Preview Content */,
			);
			path = FirebaseBasic;
			sourceTree = "<group>";
		};
		5808E9102BDF597C007A9D1A /* Preview Content */ = {
			isa = PBXGroup;
			children = (
				5808E9112BDF597C007A9D1A /* Preview Assets.xcassets */,
			);
			path = "Preview Content";
			sourceTree = "<group>";
		};
		58939E172BDF73D7008EC783 /* ViewModel */ = {
			isa = PBXGroup;
			children = (
				58939E152BDF73D3008EC783 /* AuthenticationViewModel.swift */,
			);
			path = ViewModel;
			sourceTree = "<group>";
		};
/* End PBXGroup section */

/* Begin PBXNativeTarget section */
		5808E9062BDF597B007A9D1A /* FirebaseBasic */ = {
			isa = PBXNativeTarget;
			buildConfigurationList = 5808E9152BDF597C007A9D1A /* Build configuration list for PBXNativeTarget "FirebaseBasic" */;
			buildPhases = (
				5808E9032BDF597B007A9D1A /* Sources */,
				5808E9042BDF597B007A9D1A /* Frameworks */,
				5808E9052BDF597B007A9D1A /* Resources */,
			);
			buildRules = (
			);
			dependencies = (
			);
			name = FirebaseBasic;
			packageProductDependencies = (
				58939E0B2BDF5A69008EC783 /* GoogleSignIn */,
				58939E0D2BDF5A69008EC783 /* GoogleSignInSwift */,
				58939E102BDF5A8D008EC783 /* FirebaseAuth */,
			);
			productName = FirebaseBasic;
			productReference = 5808E9072BDF597B007A9D1A /* FirebaseBasic.app */;
			productType = "com.apple.product-type.application";
		};
/* End PBXNativeTarget section */

/* Begin PBXProject section */
		5808E8FF2BDF597B007A9D1A /* Project object */ = {
			isa = PBXProject;
			attributes = {
				BuildIndependentTargetsInParallel = 1;
				LastSwiftUpdateCheck = 1530;
				LastUpgradeCheck = 1530;
				TargetAttributes = {
					5808E9062BDF597B007A9D1A = {
						CreatedOnToolsVersion = 15.3;
					};
				};
			};
			buildConfigurationList = 5808E9022BDF597B007A9D1A /* Build configuration list for PBXProject "FirebaseBasic" */;
			compatibilityVersion = "Xcode 14.0";
			developmentRegion = en;
			hasScannedForEncodings = 0;
			knownRegions = (
				en,
				Base,
			);
			mainGroup = 5808E8FE2BDF597B007A9D1A;
			packageReferences = (
				58939E0A2BDF5A69008EC783 /* XCRemoteSwiftPackageReference "GoogleSignIn-iOS" */,
				58939E0F2BDF5A8D008EC783 /* XCRemoteSwiftPackageReference "firebase-ios-sdk" */,
			);
			productRefGroup = 5808E9082BDF597B007A9D1A /* Products */;
			projectDirPath = "";
			projectRoot = "";
			targets = (
				5808E9062BDF597B007A9D1A /* FirebaseBasic */,
			);
		};
/* End PBXProject section */

/* Begin PBXResourcesBuildPhase section */
		5808E9052BDF597B007A9D1A /* Resources */ = {
			isa = PBXResourcesBuildPhase;
			buildActionMask = 2147483647;
			files = (
				5808E9122BDF597C007A9D1A /* Preview Assets.xcassets in Resources */,
				5808E90F2BDF597C007A9D1A /* Assets.xcassets in Resources */,
				58939E142BDF6B2E008EC783 /* GoogleService-Info.plist in Resources */,
			);
			runOnlyForDeploymentPostprocessing = 0;
		};
/* End PBXResourcesBuildPhase section */

/* Begin PBXSourcesBuildPhase section */
		5808E9032BDF597B007A9D1A /* Sources */ = {
			isa = PBXSourcesBuildPhase;
			buildActionMask = 2147483647;
			files = (
				58939E162BDF73D3008EC783 /* AuthenticationViewModel.swift in Sources */,
				5808E90D2BDF597B007A9D1A /* ContentView.swift in Sources */,
				5808E90B2BDF597B007A9D1A /* FirebaseBasicApp.swift in Sources */,
			);
			runOnlyForDeploymentPostprocessing = 0;
		};
/* End PBXSourcesBuildPhase section */

/* Begin XCBuildConfiguration section */
		5808E9132BDF597C007A9D1A /* Debug */ = {
			isa = XCBuildConfiguration;
			buildSettings = {
				ALWAYS_SEARCH_USER_PATHS = NO;
				ASSETCATALOG_COMPILER_GENERATE_SWIFT_ASSET_SYMBOL_EXTENSIONS = YES;
				CLANG_ANALYZER_NONNULL = YES;
				CLANG_ANALYZER_NUMBER_OBJECT_CONVERSION = YES_AGGRESSIVE;
				CLANG_CXX_LANGUAGE_STANDARD = "gnu++20";
				CLANG_ENABLE_MODULES = YES;
				CLANG_ENABLE_OBJC_ARC = YES;
				CLANG_ENABLE_OBJC_WEAK = YES;
				CLANG_WARN_BLOCK_CAPTURE_AUTORELEASING = YES;
				CLANG_WARN_BOOL_CONVERSION = YES;
				CLANG_WARN_COMMA = YES;
				CLANG_WARN_CONSTANT_CONVERSION = YES;
				CLANG_WARN_DEPRECATED_OBJC_IMPLEMENTATIONS = YES;
				CLANG_WARN_DIRECT_OBJC_ISA_USAGE = YES_ERROR;
				CLANG_WARN_DOCUMENTATION_COMMENTS = YES;
				CLANG_WARN_EMPTY_BODY = YES;
				CLANG_WARN_ENUM_CONVERSION = YES;
				CLANG_WARN_INFINITE_RECURSION = YES;
				CLANG_WARN_INT_CONVERSION = YES;
				CLANG_WARN_NON_LITERAL_NULL_CONVERSION = YES;
				CLANG_WARN_OBJC_IMPLICIT_RETAIN_SELF = YES;
				CLANG_WARN_OBJC_LITERAL_CONVERSION = YES;
				CLANG_WARN_OBJC_ROOT_CLASS = YES_ERROR;
				CLANG_WARN_QUOTED_INCLUDE_IN_FRAMEWORK_HEADER = YES;
				CLANG_WARN_RANGE_LOOP_ANALYSIS = YES;
				CLANG_WARN_STRICT_PROTOTYPES = YES;
				CLANG_WARN_SUSPICIOUS_MOVE = YES;
				CLANG_WARN_UNGUARDED_AVAILABILITY = YES_AGGRESSIVE;
				CLANG_WARN_UNREACHABLE_CODE = YES;
				CLANG_WARN__DUPLICATE_METHOD_MATCH = YES;
				COPY_PHASE_STRIP = NO;
				DEBUG_INFORMATION_FORMAT = dwarf;
				ENABLE_STRICT_OBJC_MSGSEND = YES;
				ENABLE_TESTABILITY = YES;
				ENABLE_USER_SCRIPT_SANDBOXING = YES;
				GCC_C_LANGUAGE_STANDARD = gnu17;
				GCC_DYNAMIC_NO_PIC = NO;
				GCC_NO_COMMON_BLOCKS = YES;
				GCC_OPTIMIZATION_LEVEL = 0;
				GCC_PREPROCESSOR_DEFINITIONS = (
					"DEBUG=1",
					"$(inherited)",
				);
				GCC_WARN_64_TO_32_BIT_CONVERSION = YES;
				GCC_WARN_ABOUT_RETURN_TYPE = YES_ERROR;
				GCC_WARN_UNDECLARED_SELECTOR = YES;
				GCC_WARN_UNINITIALIZED_AUTOS = YES_AGGRESSIVE;
				GCC_WARN_UNUSED_FUNCTION = YES;
				GCC_WARN_UNUSED_VARIABLE = YES;
				IPHONEOS_DEPLOYMENT_TARGET = 17.4;
				LOCALIZATION_PREFERS_STRING_CATALOGS = YES;
				MTL_ENABLE_DEBUG_INFO = INCLUDE_SOURCE;
				MTL_FAST_MATH = YES;
				ONLY_ACTIVE_ARCH = YES;
				SDKROOT = iphoneos;
				SWIFT_ACTIVE_COMPILATION_CONDITIONS = "DEBUG $(inherited)";
				SWIFT_OPTIMIZATION_LEVEL = "-Onone";
			};
			name = Debug;
		};
		5808E9142BDF597C007A9D1A /* Release */ = {
			isa = XCBuildConfiguration;
			buildSettings = {
				ALWAYS_SEARCH_USER_PATHS = NO;
				ASSETCATALOG_COMPILER_GENERATE_SWIFT_ASSET_SYMBOL_EXTENSIONS = YES;
				CLANG_ANALYZER_NONNULL = YES;
				CLANG_ANALYZER_NUMBER_OBJECT_CONVERSION = YES_AGGRESSIVE;
				CLANG_CXX_LANGUAGE_STANDARD = "gnu++20";
				CLANG_ENABLE_MODULES = YES;
				CLANG_ENABLE_OBJC_ARC = YES;
				CLANG_ENABLE_OBJC_WEAK = YES;
				CLANG_WARN_BLOCK_CAPTURE_AUTORELEASING = YES;
				CLANG_WARN_BOOL_CONVERSION = YES;
				CLANG_WARN_COMMA = YES;
				CLANG_WARN_CONSTANT_CONVERSION = YES;
				CLANG_WARN_DEPRECATED_OBJC_IMPLEMENTATIONS = YES;
				CLANG_WARN_DIRECT_OBJC_ISA_USAGE = YES_ERROR;
				CLANG_WARN_DOCUMENTATION_COMMENTS = YES;
				CLANG_WARN_EMPTY_BODY = YES;
				CLANG_WARN_ENUM_CONVERSION = YES;
				CLANG_WARN_INFINITE_RECURSION = YES;
				CLANG_WARN_INT_CONVERSION = YES;
				CLANG_WARN_NON_LITERAL_NULL_CONVERSION = YES;
				CLANG_WARN_OBJC_IMPLICIT_RETAIN_SELF = YES;
				CLANG_WARN_OBJC_LITERAL_CONVERSION = YES;
				CLANG_WARN_OBJC_ROOT_CLASS = YES_ERROR;
				CLANG_WARN_QUOTED_INCLUDE_IN_FRAMEWORK_HEADER = YES;
				CLANG_WARN_RANGE_LOOP_ANALYSIS = YES;
				CLANG_WARN_STRICT_PROTOTYPES = YES;
				CLANG_WARN_SUSPICIOUS_MOVE = YES;
				CLANG_WARN_UNGUARDED_AVAILABILITY = YES_AGGRESSIVE;
				CLANG_WARN_UNREACHABLE_CODE = YES;
				CLANG_WARN__DUPLICATE_METHOD_MATCH = YES;
				COPY_PHASE_STRIP = NO;
				DEBUG_INFORMATION_FORMAT = "dwarf-with-dsym";
				ENABLE_NS_ASSERTIONS = NO;
				ENABLE_STRICT_OBJC_MSGSEND = YES;
				ENABLE_USER_SCRIPT_SANDBOXING = YES;
				GCC_C_LANGUAGE_STANDARD = gnu17;
				GCC_NO_COMMON_BLOCKS = YES;
				GCC_WARN_64_TO_32_BIT_CONVERSION = YES;
				GCC_WARN_ABOUT_RETURN_TYPE = YES_ERROR;
				GCC_WARN_UNDECLARED_SELECTOR = YES;
				GCC_WARN_UNINITIALIZED_AUTOS = YES_AGGRESSIVE;
				GCC_WARN_UNUSED_FUNCTION = YES;
				GCC_WARN_UNUSED_VARIABLE = YES;
				IPHONEOS_DEPLOYMENT_TARGET = 17.4;
				LOCALIZATION_PREFERS_STRING_CATALOGS = YES;
				MTL_ENABLE_DEBUG_INFO = NO;
				MTL_FAST_MATH = YES;
				SDKROOT = iphoneos;
				SWIFT_COMPILATION_MODE = wholemodule;
				VALIDATE_PRODUCT = YES;
			};
			name = Release;
		};
		5808E9162BDF597C007A9D1A /* Debug */ = {
			isa = XCBuildConfiguration;
			buildSettings = {
				ASSETCATALOG_COMPILER_APPICON_NAME = AppIcon;
				ASSETCATALOG_COMPILER_GLOBAL_ACCENT_COLOR_NAME = AccentColor;
				CODE_SIGN_STYLE = Automatic;
				CURRENT_PROJECT_VERSION = 1;
				DEVELOPMENT_ASSET_PATHS = "\"FirebaseBasic/Preview Content\"";
				DEVELOPMENT_TEAM = P95R3MRRWK;
				ENABLE_PREVIEWS = YES;
				GENERATE_INFOPLIST_FILE = YES;
				INFOPLIST_FILE = FirebaseBasic/Info.plist;
				INFOPLIST_KEY_UIApplicationSceneManifest_Generation = YES;
				INFOPLIST_KEY_UIApplicationSupportsIndirectInputEvents = YES;
				INFOPLIST_KEY_UILaunchScreen_Generation = YES;
				INFOPLIST_KEY_UISupportedInterfaceOrientations_iPad = "UIInterfaceOrientationPortrait UIInterfaceOrientationPortraitUpsideDown UIInterfaceOrientationLandscapeLeft UIInterfaceOrientationLandscapeRight";
				INFOPLIST_KEY_UISupportedInterfaceOrientations_iPhone = "UIInterfaceOrientationPortrait UIInterfaceOrientationLandscapeLeft UIInterfaceOrientationLandscapeRight";
				LD_RUNPATH_SEARCH_PATHS = (
					"$(inherited)",
					"@executable_path/Frameworks",
				);
				MARKETING_VERSION = 1.0;
				PRODUCT_BUNDLE_IDENTIFIER = kr.Bin.FirebaseBasic;
				PRODUCT_NAME = "$(TARGET_NAME)";
				SWIFT_EMIT_LOC_STRINGS = YES;
				SWIFT_VERSION = 5.0;
				TARGETED_DEVICE_FAMILY = "1,2";
			};
			name = Debug;
		};
		5808E9172BDF597C007A9D1A /* Release */ = {
			isa = XCBuildConfiguration;
			buildSettings = {
				ASSETCATALOG_COMPILER_APPICON_NAME = AppIcon;
				ASSETCATALOG_COMPILER_GLOBAL_ACCENT_COLOR_NAME = AccentColor;
				CODE_SIGN_STYLE = Automatic;
				CURRENT_PROJECT_VERSION = 1;
				DEVELOPMENT_ASSET_PATHS = "\"FirebaseBasic/Preview Content\"";
				DEVELOPMENT_TEAM = P95R3MRRWK;
				ENABLE_PREVIEWS = YES;
				GENERATE_INFOPLIST_FILE = YES;
				INFOPLIST_FILE = FirebaseBasic/Info.plist;
				INFOPLIST_KEY_UIApplicationSceneManifest_Generation = YES;
				INFOPLIST_KEY_UIApplicationSupportsIndirectInputEvents = YES;
				INFOPLIST_KEY_UILaunchScreen_Generation = YES;
				INFOPLIST_KEY_UISupportedInterfaceOrientations_iPad = "UIInterfaceOrientationPortrait UIInterfaceOrientationPortraitUpsideDown UIInterfaceOrientationLandscapeLeft UIInterfaceOrientationLandscapeRight";
				INFOPLIST_KEY_UISupportedInterfaceOrientations_iPhone = "UIInterfaceOrientationPortrait UIInterfaceOrientationLandscapeLeft UIInterfaceOrientationLandscapeRight";
				LD_RUNPATH_SEARCH_PATHS = (
					"$(inherited)",
					"@executable_path/Frameworks",
				);
				MARKETING_VERSION = 1.0;
				PRODUCT_BUNDLE_IDENTIFIER = kr.Bin.FirebaseBasic;
				PRODUCT_NAME = "$(TARGET_NAME)";
				SWIFT_EMIT_LOC_STRINGS = YES;
				SWIFT_VERSION = 5.0;
				TARGETED_DEVICE_FAMILY = "1,2";
			};
			name = Release;
		};
/* End XCBuildConfiguration section */

/* Begin XCConfigurationList section */
		5808E9022BDF597B007A9D1A /* Build configuration list for PBXProject "FirebaseBasic" */ = {
			isa = XCConfigurationList;
			buildConfigurations = (
				5808E9132BDF597C007A9D1A /* Debug */,
				5808E9142BDF597C007A9D1A /* Release */,
			);
			defaultConfigurationIsVisible = 0;
			defaultConfigurationName = Release;
		};
		5808E9152BDF597C007A9D1A /* Build configuration list for PBXNativeTarget "FirebaseBasic" */ = {
			isa = XCConfigurationList;
			buildConfigurations = (
				5808E9162BDF597C007A9D1A /* Debug */,
				5808E9172BDF597C007A9D1A /* Release */,
			);
			defaultConfigurationIsVisible = 0;
			defaultConfigurationName = Release;
		};
/* End XCConfigurationList section */

/* Begin XCRemoteSwiftPackageReference section */
		58939E0A2BDF5A69008EC783 /* XCRemoteSwiftPackageReference "GoogleSignIn-iOS" */ = {
			isa = XCRemoteSwiftPackageReference;
			repositoryURL = "https://github.com/google/GoogleSignIn-iOS";
			requirement = {
				kind = upToNextMajorVersion;
				minimumVersion = 7.1.0;
			};
		};
		58939E0F2BDF5A8D008EC783 /* XCRemoteSwiftPackageReference "firebase-ios-sdk" */ = {
			isa = XCRemoteSwiftPackageReference;
			repositoryURL = "https://github.com/firebase/firebase-ios-sdk";
			requirement = {
				kind = upToNextMajorVersion;
				minimumVersion = 10.24.0;
			};
		};
/* End XCRemoteSwiftPackageReference section */

/* Begin XCSwiftPackageProductDependency section */
		58939E0B2BDF5A69008EC783 /* GoogleSignIn */ = {
			isa = XCSwiftPackageProductDependency;
			package = 58939E0A2BDF5A69008EC783 /* XCRemoteSwiftPackageReference "GoogleSignIn-iOS" */;
			productName = GoogleSignIn;
		};
		58939E0D2BDF5A69008EC783 /* GoogleSignInSwift */ = {
			isa = XCSwiftPackageProductDependency;
			package = 58939E0A2BDF5A69008EC783 /* XCRemoteSwiftPackageReference "GoogleSignIn-iOS" */;
			productName = GoogleSignInSwift;
		};
		58939E102BDF5A8D008EC783 /* FirebaseAuth */ = {
			isa = XCSwiftPackageProductDependency;
			package = 58939E0F2BDF5A8D008EC783 /* XCRemoteSwiftPackageReference "firebase-ios-sdk" */;
			productName = FirebaseAuth;
		};
/* End XCSwiftPackageProductDependency section */
	};
	rootObject = 5808E8FF2BDF597B007A9D1A /* Project object */;
}
